{
  "name": "sensortattoofix-payments-api",
  "lockfileVersion": 3,
  "requires": true,
  "packages": {
    "": {
      "name": "sensortattoofix-payments-api",
      "dependencies": {
        "@cf-wasm/photon": "^0.3.6"
      }
    },
    "node_modules/@cf-wasm/internals": {
      "version": "0.1.2",
      "resolved": "https://registry.npmjs.org/@cf-wasm/internals/-/internals-0.1.2.tgz",
      "integrity": "sha512-9d/I3JFv1IpQFYOrIw5RQShQPyuZRw9DyeBylF39Uj/MH7my8+EzKDPpUCHiqZ5O7tZS/A6zwP08egpeI5NBhA==",
      "license": "MIT"
    },
    "node_modules/@cf-wasm/photon": {
      "version": "0.3.6",
      "resolved": "https://registry.npmjs.org/@cf-wasm/photon/-/photon-0.3.6.tgz",
      "integrity": "sha512-LfLfJ10+Z+DrohjQTSBkgmqxp6d4gvlGuwFkb5c4RHJGAMyVJxrAQWGrLunWE6TvZssIkT5fhKAjQZYhFSYzqg==",
      "license": "Apache-2.0",
      "dependencies": {
        "@cf-wasm/internals": "0.1.2"
      }
    }
  }
}
